// !$*UTF8*$!
{
	archiveVersion = 1;
	classes = {
	};
	objectVersion = 46;
	objects = {

/* Begin PBXBuildFile section */
		61F54FFA0C2B86289CD66CE8 /* Pods_CloudKitDemo.framework in Frameworks */ = {isa = PBXBuildFile; fileRef = 28D9A1D6A32A4243225C1781 /* Pods_CloudKitDemo.framework */; };
		AC65F7CA1F1EF19800A139AB /* AppDelegate.swift in Sources */ = {isa = PBXBuildFile; fileRef = AC65F7C91F1EF19800A139AB /* AppDelegate.swift */; };
		AC65F7CE1F1EF19800A139AB /* LoadViewController.swift in Sources */ = {isa = PBXBuildFile; fileRef = AC65F7CD1F1EF19800A139AB /* LoadViewController.swift */; };
		AC65F7D11F1EF19800A139AB /* Main.storyboard in Resources */ = {isa = PBXBuildFile; fileRef = AC65F7CF1F1EF19800A139AB /* Main.storyboard */; };
		AC65F7D31F1EF19800A139AB /* Assets.xcassets in Resources */ = {isa = PBXBuildFile; fileRef = AC65F7D21F1EF19800A139AB /* Assets.xcassets */; };
		AC65F7D61F1EF19800A139AB /* LaunchScreen.storyboard in Resources */ = {isa = PBXBuildFile; fileRef = AC65F7D41F1EF19800A139AB /* LaunchScreen.storyboard */; };
		AC65F7E01F1EF1D900A139AB /* CloudKit.framework in Frameworks */ = {isa = PBXBuildFile; fileRef = AC65F7DF1F1EF1D900A139AB /* CloudKit.framework */; };
		AC65F7E21F1EF55300A139AB /* CreateViewController.swift in Sources */ = {isa = PBXBuildFile; fileRef = AC65F7E11F1EF55300A139AB /* CreateViewController.swift */; };
		AC65F7E41F1F0D3200A139AB /* HXCloudKitManager.swift in Sources */ = {isa = PBXBuildFile; fileRef = AC65F7E31F1F0D3200A139AB /* HXCloudKitManager.swift */; };
		C6BF9BC61F24F1BD00A7488D /* OperationViewController.swift in Sources */ = {isa = PBXBuildFile; fileRef = C6BF9BC51F24F1BD00A7488D /* OperationViewController.swift */; };
/* End PBXBuildFile section */

/* Begin PBXFileReference section */
		28D9A1D6A32A4243225C1781 /* Pods_CloudKitDemo.framework */ = {isa = PBXFileReference; explicitFileType = wrapper.framework; includeInIndex = 0; path = Pods_CloudKitDemo.framework; sourceTree = BUILT_PRODUCTS_DIR; };
		36DDD5D6706BE6BE32BFD9C3 /* Pods-CloudKitDemo.debug.xcconfig */ = {isa = PBXFileReference; includeInIndex = 1; lastKnownFileType = text.xcconfig; name = "Pods-CloudKitDemo.debug.xcconfig"; path = "Pods/Target Support Files/Pods-CloudKitDemo/Pods-CloudKitDemo.debug.xcconfig"; sourceTree = "<group>"; };
		A2FCBF6A1B4C50E46150F736 /* Pods-CloudKitDemo.release.xcconfig */ = {isa = PBXFileReference; includeInIndex = 1; lastKnownFileType = text.xcconfig; name = "Pods-CloudKitDemo.release.xcconfig"; path = "Pods/Target Support Files/Pods-CloudKitDemo/Pods-CloudKitDemo.release.xcconfig"; sourceTree = "<group>"; };
		AC65F7C61F1EF19800A139AB /* CloudKitDemo.app */ = {isa = PBXFileReference; explicitFileType = wrapper.application; includeInIndex = 0; path = CloudKitDemo.app; sourceTree = BUILT_PRODUCTS_DIR; };
		AC65F7C91F1EF19800A139AB /* AppDelegate.swift */ = {isa = PBXFileReference; lastKnownFileType = sourcecode.swift; path = AppDelegate.swift; sourceTree = "<group>"; };
		AC65F7CD1F1EF19800A139AB /* LoadViewController.swift */ = {isa = PBXFileReference; lastKnownFileType = sourcecode.swift; path = LoadViewController.swift; sourceTree = "<group>"; };
		AC65F7D01F1EF19800A139AB /* Base */ = {isa = PBXFileReference; lastKnownFileType = file.storyboard; name = Base; path = Base.lproj/Main.storyboard; sourceTree = "<group>"; };
		AC65F7D21F1EF19800A139AB /* Assets.xcassets */ = {isa = PBXFileReference; lastKnownFileType = folder.assetcatalog; path = Assets.xcassets; sourceTree = "<group>"; };
		AC65F7D51F1EF19800A139AB /* Base */ = {isa = PBXFileReference; lastKnownFileType = file.storyboard; name = Base; path = Base.lproj/LaunchScreen.storyboard; sourceTree = "<group>"; };
		AC65F7D71F1EF19800A139AB /* Info.plist */ = {isa = PBXFileReference; lastKnownFileType = text.plist.xml; path = Info.plist; sourceTree = "<group>"; };
		AC65F7DD1F1EF1D200A139AB /* CloudKitDemo.entitlements */ = {isa = PBXFileReference; lastKnownFileType = text.plist.entitlements; path = CloudKitDemo.entitlements; sourceTree = "<group>"; };
		AC65F7DF1F1EF1D900A139AB /* CloudKit.framework */ = {isa = PBXFileReference; lastKnownFileType = wrapper.framework; name = CloudKit.framework; path = System/Library/Frameworks/CloudKit.framework; sourceTree = SDKROOT; };
		AC65F7E11F1EF55300A139AB /* CreateViewController.swift */ = {isa = PBXFileReference; fileEncoding = 4; lastKnownFileType = sourcecode.swift; path = CreateViewController.swift; sourceTree = "<group>"; };
		AC65F7E31F1F0D3200A139AB /* HXCloudKitManager.swift */ = {isa = PBXFileReference; fileEncoding = 4; lastKnownFileType = sourcecode.swift; path = HXCloudKitManager.swift; sourceTree = "<group>"; };
		C6BF9BC51F24F1BD00A7488D /* OperationViewController.swift */ = {isa = PBXFileReference; fileEncoding = 4; lastKnownFileType = sourcecode.swift; path = OperationViewController.swift; sourceTree = "<group>"; };
/* End PBXFileReference section */

/* Begin PBXFrameworksBuildPhase section */
		AC65F7C31F1EF19800A139AB /* Frameworks */ = {
			isa = PBXFrameworksBuildPhase;
			buildActionMask = 2147483647;
			files = (
				AC65F7E01F1EF1D900A139AB /* CloudKit.framework in Frameworks */,
				61F54FFA0C2B86289CD66CE8 /* Pods_CloudKitDemo.framework in Frameworks */,
			);
			runOnlyForDeploymentPostprocessing = 0;
		};
/* End PBXFrameworksBuildPhase section */

/* Begin PBXGroup section */
		9A475DB9FA27D2B9FB4AF42E /* Pods */ = {
			isa = PBXGroup;
			children = (
				36DDD5D6706BE6BE32BFD9C3 /* Pods-CloudKitDemo.debug.xcconfig */,
				A2FCBF6A1B4C50E46150F736 /* Pods-CloudKitDemo.release.xcconfig */,
			);
			name = Pods;
			sourceTree = "<group>";
		};
		AC65F7BD1F1EF19800A139AB = {
			isa = PBXGroup;
			children = (
				AC65F7C81F1EF19800A139AB /* CloudKitDemo */,
				AC65F7C71F1EF19800A139AB /* Products */,
				AC65F7DE1F1EF1D900A139AB /* Frameworks */,
				9A475DB9FA27D2B9FB4AF42E /* Pods */,
			);
			sourceTree = "<group>";
		};
		AC65F7C71F1EF19800A139AB /* Products */ = {
			isa = PBXGroup;
			children = (
				AC65F7C61F1EF19800A139AB /* CloudKitDemo.app */,
			);
			name = Products;
			sourceTree = "<group>";
		};
		AC65F7C81F1EF19800A139AB /* CloudKitDemo */ = {
			isa = PBXGroup;
			children = (
				AC65F7DD1F1EF1D200A139AB /* CloudKitDemo.entitlements */,
				AC65F7C91F1EF19800A139AB /* AppDelegate.swift */,
				AC65F7E11F1EF55300A139AB /* CreateViewController.swift */,
				AC65F7CD1F1EF19800A139AB /* LoadViewController.swift */,
				C6BF9BC51F24F1BD00A7488D /* OperationViewController.swift */,
				AC65F7E31F1F0D3200A139AB /* HXCloudKitManager.swift */,
				AC65F7CF1F1EF19800A139AB /* Main.storyboard */,
				AC65F7D21F1EF19800A139AB /* Assets.xcassets */,
				AC65F7D41F1EF19800A139AB /* LaunchScreen.storyboard */,
				AC65F7D71F1EF19800A139AB /* Info.plist */,
			);
			path = CloudKitDemo;
			sourceTree = "<group>";
		};
		AC65F7DE1F1EF1D900A139AB /* Frameworks */ = {
			isa = PBXGroup;
			children = (
				AC65F7DF1F1EF1D900A139AB /* CloudKit.framework */,
				28D9A1D6A32A4243225C1781 /* Pods_CloudKitDemo.framework */,
			);
			name = Frameworks;
			sourceTree = "<group>";
		};
/* End PBXGroup section */

/* Begin PBXNativeTarget section */
		AC65F7C51F1EF19800A139AB /* CloudKitDemo */ = {
			isa = PBXNativeTarget;
			buildConfigurationList = AC65F7DA1F1EF19800A139AB /* Build configuration list for PBXNativeTarget "CloudKitDemo" */;
			buildPhases = (
				4F67B9C11ECCDEAE1C052E51 /* [CP] Check Pods Manifest.lock */,
				AC65F7C21F1EF19800A139AB /* Sources */,
				AC65F7C31F1EF19800A139AB /* Frameworks */,
				AC65F7C41F1EF19800A139AB /* Resources */,
				7299435663BD90F59A58D208 /* [CP] Embed Pods Frameworks */,
				4A50F22C99B944BFF8A8E575 /* [CP] Copy Pods Resources */,
			);
			buildRules = (
			);
			dependencies = (
			);
			name = CloudKitDemo;
			productName = CloudKitDemo;
			productReference = AC65F7C61F1EF19800A139AB /* CloudKitDemo.app */;
			productType = "com.apple.product-type.application";
		};
/* End PBXNativeTarget section */

/* Begin PBXProject section */
		AC65F7BE1F1EF19800A139AB /* Project object */ = {
			isa = PBXProject;
			attributes = {
				LastSwiftUpdateCheck = 0830;
				LastUpgradeCheck = 0900;
				ORGANIZATIONNAME = RockerHX;
				TargetAttributes = {
					AC65F7C51F1EF19800A139AB = {
						CreatedOnToolsVersion = 8.3.2;
						DevelopmentTeam = Y747X47RCY;
						ProvisioningStyle = Automatic;
						SystemCapabilities = {
							com.apple.Push = {
								enabled = 1;
							};
							com.apple.iCloud = {
								enabled = 1;
							};
						};
					};
				};
			};
			buildConfigurationList = AC65F7C11F1EF19800A139AB /* Build configuration list for PBXProject "CloudKitDemo" */;
			compatibilityVersion = "Xcode 3.2";
			developmentRegion = English;
			hasScannedForEncodings = 0;
			knownRegions = (
				en,
				Base,
			);
			mainGroup = AC65F7BD1F1EF19800A139AB;
			productRefGroup = AC65F7C71F1EF19800A139AB /* Products */;
			projectDirPath = "";
			projectRoot = "";
			targets = (
				AC65F7C51F1EF19800A139AB /* CloudKitDemo */,
			);
		};
/* End PBXProject section */

/* Begin PBXResourcesBuildPhase section */
		AC65F7C41F1EF19800A139AB /* Resources */ = {
			isa = PBXResourcesBuildPhase;
			buildActionMask = 2147483647;
			files = (
				AC65F7D61F1EF19800A139AB /* LaunchScreen.storyboard in Resources */,
				AC65F7D31F1EF19800A139AB /* Assets.xcassets in Resources */,
				AC65F7D11F1EF19800A139AB /* Main.storyboard in Resources */,
			);
			runOnlyForDeploymentPostprocessing = 0;
		};
/* End PBXResourcesBuildPhase section */

/* Begin PBXShellScriptBuildPhase section */
		4A50F22C99B944BFF8A8E575 /* [CP] Copy Pods Resources */ = {
			isa = PBXShellScriptBuildPhase;
			buildActionMask = 2147483647;
			files = (
			);
			inputPaths = (
			);
			name = "[CP] Copy Pods Resources";
			outputPaths = (
			);
			runOnlyForDeploymentPostprocessing = 0;
			shellPath = /bin/sh;
			shellScript = "\"${SRCROOT}/Pods/Target Support Files/Pods-CloudKitDemo/Pods-CloudKitDemo-resources.sh\"\n";
			showEnvVarsInLog = 0;
		};
		4F67B9C11ECCDEAE1C052E51 /* [CP] Check Pods Manifest.lock */ = {
			isa = PBXShellScriptBuildPhase;
			buildActionMask = 2147483647;
			files = (
			);
			inputPaths = (
				"${PODS_PODFILE_DIR_PATH}/Podfile.lock",
				"${PODS_ROOT}/Manifest.lock",
			);
			name = "[CP] Check Pods Manifest.lock";
			outputPaths = (
				"$(DERIVED_FILE_DIR)/Pods-CloudKitDemo-checkManifestLockResult.txt",
			);
			runOnlyForDeploymentPostprocessing = 0;
			shellPath = /bin/sh;
			shellScript = "diff \"${PODS_PODFILE_DIR_PATH}/Podfile.lock\" \"${PODS_ROOT}/Manifest.lock\" > /dev/null\nif [ $? != 0 ] ; then\n    # print error to STDERR\n    echo \"error: The sandbox is not in sync with the Podfile.lock. Run 'pod install' or update your CocoaPods installation.\" >&2\n    exit 1\nfi\n# This output is used by Xcode 'outputs' to avoid re-running this script phase.\necho \"SUCCESS\" > \"${SCRIPT_OUTPUT_FILE_0}\"\n";
			showEnvVarsInLog = 0;
		};
		7299435663BD90F59A58D208 /* [CP] Embed Pods Frameworks */ = {
			isa = PBXShellScriptBuildPhase;
			buildActionMask = 2147483647;
			files = (
			);
			inputPaths = (
				"${SRCROOT}/Pods/Target Support Files/Pods-CloudKitDemo/Pods-CloudKitDemo-frameworks.sh",
				"${BUILT_PRODUCTS_DIR}/PromiseKit/PromiseKit.framework",
			);
			name = "[CP] Embed Pods Frameworks";
			outputPaths = (
				"${TARGET_BUILD_DIR}/${FRAMEWORKS_FOLDER_PATH}/PromiseKit.framework",
			);
			runOnlyForDeploymentPostprocessing = 0;
			shellPath = /bin/sh;
			shellScript = "\"${SRCROOT}/Pods/Target Support Files/Pods-CloudKitDemo/Pods-CloudKitDemo-frameworks.sh\"\n";
			showEnvVarsInLog = 0;
		};
/* End PBXShellScriptBuildPhase section */

/* Begin PBXSourcesBuildPhase section */
		AC65F7C21F1EF19800A139AB /* Sources */ = {
			isa = PBXSourcesBuildPhase;
			buildActionMask = 2147483647;
			files = (
				AC65F7E41F1F0D3200A139AB /* HXCloudKitManager.swift in Sources */,
				C6BF9BC61F24F1BD00A7488D /* OperationViewController.swift in Sources */,
				AC65F7E21F1EF55300A139AB /* CreateViewController.swift in Sources */,
				AC65F7CE1F1EF19800A139AB /* LoadViewController.swift in Sources */,
				AC65F7CA1F1EF19800A139AB /* AppDelegate.swift in Sources */,
			);
			runOnlyForDeploymentPostprocessing = 0;
		};
/* End PBXSourcesBuildPhase section */

/* Begin PBXVariantGroup section */
		AC65F7CF1F1EF19800A139AB /* Main.storyboard */ = {
			isa = PBXVariantGroup;
			children = (
				AC65F7D01F1EF19800A139AB /* Base */,
			);
			name = Main.storyboard;
			sourceTree = "<group>";
		};
		AC65F7D41F1EF19800A139AB /* LaunchScreen.storyboard */ = {
			isa = PBXVariantGroup;
			children = (
				AC65F7D51F1EF19800A139AB /* Base */,
			);
			name = LaunchScreen.storyboard;
			sourceTree = "<group>";
		};
/* End PBXVariantGroup section */

/* Begin XCBuildConfiguration section */
		AC65F7D81F1EF19800A139AB /* Debug */ = {
			isa = XCBuildConfiguration;
			buildSettings = {
				ALWAYS_SEARCH_USER_PATHS = NO;
				CLANG_ANALYZER_NONNULL = YES;
				CLANG_ANALYZER_NUMBER_OBJECT_CONVERSION = YES_AGGRESSIVE;
				CLANG_CXX_LANGUAGE_STANDARD = "gnu++0x";
				CLANG_CXX_LIBRARY = "libc++";
				CLANG_ENABLE_MODULES = YES;
				CLANG_ENABLE_OBJC_ARC = YES;
				CLANG_WARN_BLOCK_CAPTURE_AUTORELEASING = YES;
				CLANG_WARN_BOOL_CONVERSION = YES;
				CLANG_WARN_COMMA = YES;
				CLANG_WARN_CONSTANT_CONVERSION = YES;
				CLANG_WARN_DIRECT_OBJC_ISA_USAGE = YES_ERROR;
				CLANG_WARN_DOCUMENTATION_COMMENTS = YES;
				CLANG_WARN_EMPTY_BODY = YES;
				CLANG_WARN_ENUM_CONVERSION = YES;
				CLANG_WARN_INFINITE_RECURSION = YES;
				CLANG_WARN_INT_CONVERSION = YES;
				CLANG_WARN_NON_LITERAL_NULL_CONVERSION = YES;
				CLANG_WARN_OBJC_LITERAL_CONVERSION = YES;
				CLANG_WARN_OBJC_ROOT_CLASS = YES_ERROR;
				CLANG_WARN_RANGE_LOOP_ANALYSIS = YES;
				CLANG_WARN_STRICT_PROTOTYPES = YES;
				CLANG_WARN_SUSPICIOUS_MOVE = YES;
				CLANG_WARN_UNREACHABLE_CODE = YES;
				CLANG_WARN__DUPLICATE_METHOD_MATCH = YES;
				"CODE_SIGN_IDENTITY[sdk=iphoneos*]" = "iPhone Developer";
				COPY_PHASE_STRIP = NO;
				DEBUG_INFORMATION_FORMAT = dwarf;
				ENABLE_STRICT_OBJC_MSGSEND = YES;
				ENABLE_TESTABILITY = YES;
				GCC_C_LANGUAGE_STANDARD = gnu99;
				GCC_DYNAMIC_NO_PIC = NO;
				GCC_NO_COMMON_BLOCKS = YES;
				GCC_OPTIMIZATION_LEVEL = 0;
				GCC_PREPROCESSOR_DEFINITIONS = (
					"DEBUG=1",
					"$(inherited)",
				);
				GCC_WARN_64_TO_32_BIT_CONVERSION = YES;
				GCC_WARN_ABOUT_RETURN_TYPE = YES_ERROR;
				GCC_WARN_UNDECLARED_SELECTOR = YES;
				GCC_WARN_UNINITIALIZED_AUTOS = YES_AGGRESSIVE;
				GCC_WARN_UNUSED_FUNCTION = YES;
				GCC_WARN_UNUSED_VARIABLE = YES;
				IPHONEOS_DEPLOYMENT_TARGET = 10.3;
				MTL_ENABLE_DEBUG_INFO = YES;
				ONLY_ACTIVE_ARCH = YES;
				SDKROOT = iphoneos;
				SWIFT_ACTIVE_COMPILATION_CONDITIONS = DEBUG;
				SWIFT_OPTIMIZATION_LEVEL = "-Onone";
			};
			name = Debug;
		};
		AC65F7D91F1EF19800A139AB /* Release */ = {
			isa = XCBuildConfiguration;
			buildSettings = {
				ALWAYS_SEARCH_USER_PATHS = NO;
				CLANG_ANALYZER_NONNULL = YES;
				CLANG_ANALYZER_NUMBER_OBJECT_CONVERSION = YES_AGGRESSIVE;
				CLANG_CXX_LANGUAGE_STANDARD = "gnu++0x";
				CLANG_CXX_LIBRARY = "libc++";
				CLANG_ENABLE_MODULES = YES;
				CLANG_ENABLE_OBJC_ARC = YES;
				CLANG_WARN_BLOCK_CAPTURE_AUTORELEASING = YES;
				CLANG_WARN_BOOL_CONVERSION = YES;
				CLANG_WARN_COMMA = YES;
				CLANG_WARN_CONSTANT_CONVERSION = YES;
				CLANG_WARN_DIRECT_OBJC_ISA_USAGE = YES_ERROR;
				CLANG_WARN_DOCUMENTATION_COMMENTS = YES;
				CLANG_WARN_EMPTY_BODY = YES;
				CLANG_WARN_ENUM_CONVERSION = YES;
				CLANG_WARN_INFINITE_RECURSION = YES;
				CLANG_WARN_INT_CONVERSION = YES;
				CLANG_WARN_NON_LITERAL_NULL_CONVERSION = YES;
				CLANG_WARN_OBJC_LITERAL_CONVERSION = YES;
				CLANG_WARN_OBJC_ROOT_CLASS = YES_ERROR;
				CLANG_WARN_RANGE_LOOP_ANALYSIS = YES;
				CLANG_WARN_STRICT_PROTOTYPES = YES;
				CLANG_WARN_SUSPICIOUS_MOVE = YES;
				CLANG_WARN_UNREACHABLE_CODE = YES;
				CLANG_WARN__DUPLICATE_METHOD_MATCH = YES;
				"CODE_SIGN_IDENTITY[sdk=iphoneos*]" = "iPhone Developer";
				COPY_PHASE_STRIP = NO;
				DEBUG_INFORMATION_FORMAT = "dwarf-with-dsym";
				ENABLE_NS_ASSERTIONS = NO;
				ENABLE_STRICT_OBJC_MSGSEND = YES;
				GCC_C_LANGUAGE_STANDARD = gnu99;
				GCC_NO_COMMON_BLOCKS = YES;
				GCC_WARN_64_TO_32_BIT_CONVERSION = YES;
				GCC_WARN_ABOUT_RETURN_TYPE = YES_ERROR;
				GCC_WARN_UNDECLARED_SELECTOR = YES;
				GCC_WARN_UNINITIALIZED_AUTOS = YES_AGGRESSIVE;
				GCC_WARN_UNUSED_FUNCTION = YES;
				GCC_WARN_UNUSED_VARIABLE = YES;
				IPHONEOS_DEPLOYMENT_TARGET = 10.3;
				MTL_ENABLE_DEBUG_INFO = NO;
				SDKROOT = iphoneos;
				SWIFT_OPTIMIZATION_LEVEL = "-Owholemodule";
				VALIDATE_PRODUCT = YES;
			};
			name = Release;
		};
		AC65F7DB1F1EF19800A139AB /* Debug */ = {
			isa = XCBuildConfiguration;
			baseConfigurationReference = 36DDD5D6706BE6BE32BFD9C3 /* Pods-CloudKitDemo.debug.xcconfig */;
			buildSettings = {
				ASSETCATALOG_COMPILER_APPICON_NAME = AppIcon;
				CODE_SIGN_ENTITLEMENTS = CloudKitDemo/CloudKitDemo.entitlements;
				DEVELOPMENT_TEAM = Y747X47RCY;
				INFOPLIST_FILE = CloudKitDemo/Info.plist;
				IPHONEOS_DEPLOYMENT_TARGET = 9.0;
				LD_RUNPATH_SEARCH_PATHS = "$(inherited) @executable_path/Frameworks";
				PRODUCT_BUNDLE_IDENTIFIER = com.xrdfso.CloudKitDemo;
				PRODUCT_NAME = "$(TARGET_NAME)";
				SWIFT_VERSION = 4.0;
			};
			name = Debug;
		};
		AC65F7DC1F1EF19800A139AB /* Release */ = {
			isa = XCBuildConfiguration;
			baseConfigurationReference = A2FCBF6A1B4C50E46150F736 /* Pods-CloudKitDemo.release.xcconfig */;
			buildSettings = {
				ASSETCATALOG_COMPILER_APPICON_NAME = AppIcon;
				CODE_SIGN_ENTITLEMENTS = CloudKitDemo/CloudKitDemo.entitlements;
				DEVELOPMENT_TEAM = Y747X47RCY;
				INFOPLIST_FILE = CloudKitDemo/Info.plist;
				IPHONEOS_DEPLOYMENT_TARGET = 9.0;
				LD_RUNPATH_SEARCH_PATHS = "$(inherited) @executable_path/Frameworks";
				PRODUCT_BUNDLE_IDENTIFIER = com.xrdfso.CloudKitDemo;
				PRODUCT_NAME = "$(TARGET_NAME)";
				SWIFT_VERSION = 4.0;
			};
			name = Release;
		};
/* End XCBuildConfiguration section */

/* Begin XCConfigurationList section */
		AC65F7C11F1EF19800A139AB /* Build configuration list for PBXProject "CloudKitDemo" */ = {
			isa = XCConfigurationList;
			buildConfigurations = (
				AC65F7D81F1EF19800A139AB /* Debug */,
				AC65F7D91F1EF19800A139AB /* Release */,
			);
			defaultConfigurationIsVisible = 0;
			defaultConfigurationName = Release;
		};
		AC65F7DA1F1EF19800A139AB /* Build configuration list for PBXNativeTarget "CloudKitDemo" */ = {
			isa = XCConfigurationList;
			buildConfigurations = (
				AC65F7DB1F1EF19800A139AB /* Debug */,
				AC65F7DC1F1EF19800A139AB /* Release */,
			);
			defaultConfigurationIsVisible = 0;
			defaultConfigurationName = Release;
		};
/* End XCConfigurationList section */
	};
	rootObject = AC65F7BE1F1EF19800A139AB /* Project object */;
}
